
Microsoft Visual Studio Solution File, Format Version 12.00
# Visual Studio 15
VisualStudioVersion = 15.0.26730.12
MinimumVisualStudioVersion = 10.0.40219.1
Project("{FAE04EC0-301F-11D3-BF4B-00C04F79EFBC}") = "WinMan", "WinMan\WinMan.csproj", "{3A43A4B7-3E24-4E07-A623-D93C75A70246}"
EndProject
Project("{FAE04EC0-301F-11D3-BF4B-00C04F79EFBC}") = "WinMap.Test", "WinMap.Test\WinMap.Test.csproj", "{0E1E7D2E-352F-4BCB-84ED-A3001AADAEBE}"
EndProject
Global
	GlobalSection(SolutionConfigurationPlatforms) = preSolution
		Debug|Any CPU = Debug|Any CPU
		Release|Any CPU = Release|Any CPU
	EndGlobalSection
	GlobalSection(ProjectConfigurationPlatforms) = postSolution
		{3A43A4B7-3E24-4E07-A623-D93C75A70246}.Debug|Any CPU.ActiveCfg = Debug|Any CPU
		{3A43A4B7-3E24-4E07-A623-D93C75A70246}.Debug|Any CPU.Build.0 = Debug|Any CPU
		{3A43A4B7-3E24-4E07-A623-D93C75A70246}.Release|Any CPU.ActiveCfg = Release|Any CPU
		{3A43A4B7-3E24-4E07-A623-D93C75A70246}.Release|Any CPU.Build.0 = Release|Any CPU
		{0E1E7D2E-352F-4BCB-84ED-A3001AADAEBE}.Debug|Any CPU.ActiveCfg = Debug|Any CPU
		{0E1E7D2E-352F-4BCB-84ED-A3001AADAEBE}.Debug|Any CPU.Build.0 = Debug|Any CPU
		{0E1E7D2E-352F-4BCB-84ED-A3001AADAEBE}.Release|Any CPU.ActiveCfg = Release|Any CPU
		{0E1E7D2E-352F-4BCB-84ED-A3001AADAEBE}.Release|Any CPU.Build.0 = Release|Any CPU
	EndGlobalSection
	GlobalSection(SolutionProperties) = preSolution
		HideSolutionNode = FALSE
	EndGlobalSection
	GlobalSection(ExtensibilityGlobals) = postSolution
		SolutionGuid = {522703A3-8BA1-4E10-9129-64017BBDD99E}
	EndGlobalSection
EndGlobal
